<?xml version="1.0" encoding="utf-8"?>
<Project ToolsVersion="4.0" xmlns="http://schemas.microsoft.com/developer/msbuild/2003">
  <ItemGroup>
    <Filter Include="Source Files">
      <UniqueIdentifier>{4FC737F1-C7A5-4376-A066-2A32D752A2FF}</UniqueIdentifier>
      <Extensions>cpp;c;cc;cxx;def;odl;idl;hpj;bat;asm;asmx</Extensions>
    </Filter>
    <Filter Include="Header Files">
      <UniqueIdentifier>{93995380-89BD-4b04-88EB-625FBE52EBFB}</UniqueIdentifier>
      <Extensions>h;hh;hpp;hxx;hm;inl;inc;xsd</Extensions>
    </Filter>
    <Filter Include="Resource Files">
      <UniqueIdentifier>{67DA6AB6-F800-4c08-8B7A-83BB121AAD01}</UniqueIdentifier>
      <Extensions>rc;ico;cur;bmp;dlg;rc2;rct;bin;rgs;gif;jpg;jpeg;jpe;resx;tiff;tif;png;wav;mfcribbon-ms</Extensions>
    </Filter>
    <Filter Include="Source Files\Android">
      <UniqueIdentifier>{94593916-d585-4fdc-a783-5ca8aa729213}</UniqueIdentifier>
    </Filter>
    <Filter Include="Source Files\Standalone">
      <UniqueIdentifier>{ed05f516-0b58-40ec-98d5-3854b8e6698d}</UniqueIdentifier>
    </Filter>
    <Filter Include="Header Files\Back">
      <UniqueIdentifier>{f22a3460-4fde-4749-90dd-a8417edc97a5}</UniqueIdentifier>
    </Filter>
    <Filter Include="Source Files\Back">
      <UniqueIdentifier>{6506568f-3d01-4cd6-b752-f494c95228e2}</UniqueIdentifier>
    </Filter>
  </ItemGroup>
  <ItemGroup>
    <ClInclude Include="include\enginecallback.h">
      <Filter>Header Files</Filter>
    </ClInclude>
    <ClInclude Include="include\enginelayer.h">
      <Filter>Header Files</Filter>
    </ClInclude>
    <ClInclude Include="include\enginenamespace.h">
      <Filter>Header Files</Filter>
    </ClInclude>
    <ClInclude Include="include\object.h">
      <Filter>Header Files</Filter>
    </ClInclude>
    <ClInclude Include="include\scene.h">
      <Filter>Header Files</Filter>
    </ClInclude>
    <ClInclude Include="include\sound.h">
      <Filter>Header Files</Filter>
    </ClInclude>
    <ClInclude Include="include\touchable.h">
      <Filter>Header Files</Filter>
    </ClInclude>
    <ClInclude Include="include\platform.h">
      <Filter>Header Files</Filter>
    </ClInclude>
    <ClInclude Include="include\collision.h">
      <Filter>Header Files</Filter>
    </ClInclude>
    <ClInclude Include="include\hitbox.h">
      <Filter>Header Files</Filter>
    </ClInclude>
    <ClInclude Include="include\collisionobject.h">
      <Filter>Header Files</Filter>
    </ClInclude>
    <ClInclude Include="include\androidnames.h">
      <Filter>Header Files\Back</Filter>
    </ClInclude>
    <ClInclude Include="include\animationframe.h">
      <Filter>Header Files\Back</Filter>
    </ClInclude>
    <ClInclude Include="include\depthitem.h">
      <Filter>Header Files\Back</Filter>
    </ClInclude>
    <ClInclude Include="include\camera.h">
      <Filter>Header Files</Filter>
    </ClInclude>
    <ClInclude Include="include\animationdata.h">
      <Filter>Header Files\Back</Filter>
    </ClInclude>
    <ClInclude Include="include\animation.h">
      <Filter>Header Files\Back</Filter>
    </ClInclude>
    <ClInclude Include="include\enginenamespaceext.h">
      <Filter>Header Files\Back</Filter>
    </ClInclude>
    <ClInclude Include="include\enginesettings.h">
      <Filter>Header Files\Back</Filter>
    </ClInclude>
    <ClInclude Include="include\enginewrapper.h">
      <Filter>Header Files\Back</Filter>
    </ClInclude>
    <ClInclude Include="include\font.h">
      <Filter>Header Files\Back</Filter>
    </ClInclude>
    <ClInclude Include="include\linkedlist.h">
      <Filter>Header Files\Back</Filter>
    </ClInclude>
    <ClInclude Include="include\listhandle.h">
      <Filter>Header Files\Back</Filter>
    </ClInclude>
    <ClInclude Include="include\platformgraphics.h">
      <Filter>Header Files\Back</Filter>
    </ClInclude>
    <ClInclude Include="include\se3d.h">
      <Filter>Header Files\Back</Filter>
    </ClInclude>
    <ClInclude Include="include\shader.h">
      <Filter>Header Files\Back</Filter>
    </ClInclude>
    <ClInclude Include="include\sprite.h">
      <Filter>Header Files</Filter>
    </ClInclude>
    <ClInclude Include="include\resource.h">
      <Filter>Header Files\Back</Filter>
    </ClInclude>
    <ClInclude Include="include\resourceset.h">
      <Filter>Header Files\Back</Filter>
    </ClInclude>
    <ClInclude Include="include\log.h">
      <Filter>Header Files\Back</Filter>
    </ClInclude>
    <ClInclude Include="include\tag.h">
      <Filter>Header Files\Back</Filter>
    </ClInclude>
    <ClInclude Include="include\loader.h">
      <Filter>Header Files\Back</Filter>
    </ClInclude>
    <ClInclude Include="E:\Oma\Android\Sikal\jni\include\platformaudio.h">
      <Filter>Header Files\Back</Filter>
    </ClInclude>
  </ItemGroup>
  <ItemGroup>
    <ClCompile Include="source\camera.cpp">
      <Filter>Source Files</Filter>
    </ClCompile>
    <ClCompile Include="source\enginelayer.cpp">
      <Filter>Source Files</Filter>
    </ClCompile>
    <ClCompile Include="source\enginelayerimplementations.cpp">
      <Filter>Source Files</Filter>
    </ClCompile>
    <ClCompile Include="source\enginenamespace.cpp">
      <Filter>Source Files</Filter>
    </ClCompile>
    <ClCompile Include="source\object.cpp">
      <Filter>Source Files</Filter>
    </ClCompile>
    <ClCompile Include="source\run.cpp">
      <Filter>Source Files</Filter>
    </ClCompile>
    <ClCompile Include="source\sound.cpp">
      <Filter>Source Files</Filter>
    </ClCompile>
    <ClCompile Include="source\sprite.cpp">
      <Filter>Source Files</Filter>
    </ClCompile>
    <ClCompile Include="source\touchable.cpp">
      <Filter>Source Files</Filter>
    </ClCompile>
    <ClCompile Include="source\android\android.cpp">
      <Filter>Source Files\Android</Filter>
    </ClCompile>
    <ClCompile Include="source\standalone\callback.cpp">
      <Filter>Source Files\Standalone</Filter>
    </ClCompile>
    <ClCompile Include="source\collision.cpp">
      <Filter>Source Files</Filter>
    </ClCompile>
    <ClCompile Include="source\hitbox.cpp">
      <Filter>Source Files</Filter>
    </ClCompile>
    <ClCompile Include="source\collisionobject.cpp">
      <Filter>Source Files</Filter>
    </ClCompile>
    <ClCompile Include="source\animation.cpp">
      <Filter>Source Files\Back</Filter>
    </ClCompile>
    <ClCompile Include="source\animationdata.cpp">
      <Filter>Source Files\Back</Filter>
    </ClCompile>
    <ClCompile Include="source\depthitem.cpp">
      <Filter>Source Files\Back</Filter>
    </ClCompile>
    <ClCompile Include="source\enginenamespaceext.cpp">
      <Filter>Source Files\Back</Filter>
    </ClCompile>
    <ClCompile Include="source\enginewrapper.cpp">
      <Filter>Source Files\Back</Filter>
    </ClCompile>
    <ClCompile Include="source\font.cpp">
      <Filter>Source Files\Back</Filter>
    </ClCompile>
    <ClCompile Include="source\log.cpp">
      <Filter>Source Files\Back</Filter>
    </ClCompile>
    <ClCompile Include="source\resource.cpp">
      <Filter>Source Files\Back</Filter>
    </ClCompile>
    <ClCompile Include="source\resourceset.cpp">
      <Filter>Source Files\Back</Filter>
    </ClCompile>
    <ClCompile Include="source\scene.cpp">
      <Filter>Source Files</Filter>
    </ClCompile>
    <ClCompile Include="source\tag.cpp">
      <Filter>Source Files\Back</Filter>
    </ClCompile>
    <ClCompile Include="source\android\androidcallback.cpp">
      <Filter>Source Files\Android</Filter>
    </ClCompile>
    <ClCompile Include="source\loader.cpp">
      <Filter>Source Files\Back</Filter>
    </ClCompile>
  </ItemGroup>
  <ItemGroup>
    <None Include="packages.config" />
  </ItemGroup>
</Project>